
Microsoft Visual Studio Solution File, Format Version 12.00
# Visual Studio 2012
Project("{2150E333-8FDC-42A3-9474-1A3956D46DE8}") = "OSGIDemo", "OSGIDemo", "{02F67921-82D5-411E-ACCE-BB04ED197D6D}"
EndProject
Project("{FAE04EC0-301F-11D3-BF4B-00C04F79EFBC}") = "OSGI.NET.Calculator", "OSGI.NET.Calculator\OSGI.NET.Calculator.csproj", "{4B80B369-58C2-4058-AF0E-D52B35DA2983}"
EndProject
Project("{FAE04EC0-301F-11D3-BF4B-00C04F79EFBC}") = "Calculator.DemoOne", "OSGI.NET.Calculator\bin\plugins\Calculator.DemoOne\Calculator.DemoOne.csproj", "{EE19C2D5-2B7F-4D08-953A-9253395C0237}"
EndProject
Project("{FAE04EC0-301F-11D3-BF4B-00C04F79EFBC}") = "Calculator.DemoTwo", "OSGI.NET.Calculator\bin\plugins\Calculator.DemoTwo\Calculator.DemoTwo.csproj", "{45F3B0A2-47A9-42D2-B7E0-60BF00477451}"
EndProject
Project("{2150E333-8FDC-42A3-9474-1A3956D46DE8}") = "OSGI.AudioPlayerShell", "OSGI.AudioPlayerShell", "{B5FFC5D8-DD34-4575-B244-A9ABBE1DC347}"
EndProject
Project("{FAE04EC0-301F-11D3-BF4B-00C04F79EFBC}") = "OSGI.NET.AudioPlayerShell", "OSGI.NET.AudioPlayerShell\OSGI.NET.AudioPlayerShell.csproj", "{A4D6741D-EE8C-4002-B43D-2ACE899507C6}"
EndProject
Project("{2150E333-8FDC-42A3-9474-1A3956D46DE8}") = "FormatServices", "FormatServices", "{E5D58480-DC36-4898-842B-CDDFAC49AEC9}"
EndProject
Project("{2150E333-8FDC-42A3-9474-1A3956D46DE8}") = "FormatTypes", "FormatTypes", "{E0B17FB1-FC7A-4AD7-BAFE-34EC71B21563}"
EndProject
Project("{2150E333-8FDC-42A3-9474-1A3956D46DE8}") = "Lossless", "Lossless", "{C519F36C-9C9B-4DE4-8095-4EF908E7EEB2}"
EndProject
Project("{2150E333-8FDC-42A3-9474-1A3956D46DE8}") = "Lossy", "Lossy", "{D505D116-DE93-47A6-9736-CEEE7D559BF2}"
EndProject
Project("{FAE04EC0-301F-11D3-BF4B-00C04F79EFBC}") = "OSGI.NET.AudioFormatService", "OSGI.NET.AudioPlayerShell\bin\plugins\OSGI.NET.AudioFormatService\OSGI.NET.AudioFormatService.csproj", "{63DC91C1-ABA8-4D63-B88E-0500B390380C}"
EndProject
Project("{FAE04EC0-301F-11D3-BF4B-00C04F79EFBC}") = "OSGI.NET.APEDecoderPlugin", "OSGI.NET.AudioPlayerShell\bin\plugins\OSGI.NET.APEDecoderPlugin\OSGI.NET.APEDecoderPlugin.csproj", "{005D9D7D-F8F0-4938-9109-EA450C12DC97}"
EndProject
Project("{FAE04EC0-301F-11D3-BF4B-00C04F79EFBC}") = "OSGI.NET.MP3DecoderPlugin", "OSGI.NET.AudioPlayerShell\bin\plugins\OSGI.NET.MP3DecoderPlugin\OSGI.NET.MP3DecoderPlugin.csproj", "{EEA2CA7C-98C3-4A04-A8EA-AC78F43733C3}"
EndProject
Project("{2150E333-8FDC-42A3-9474-1A3956D46DE8}") = "MvcOSGI", "MvcOSGI", "{5CF61D89-986A-4937-B88F-BE336E2C16A8}"
EndProject
Project("{FAE04EC0-301F-11D3-BF4B-00C04F79EFBC}") = "MvcOSGI.Shell", "MvcOSGI.Shell\MvcOSGI.Shell.csproj", "{7549DAA6-E217-4AAC-B193-7269092CD15D}"
EndProject
Global
	GlobalSection(SolutionConfigurationPlatforms) = preSolution
		Debug|Any CPU = Debug|Any CPU
		Release|Any CPU = Release|Any CPU
	EndGlobalSection
	GlobalSection(ProjectConfigurationPlatforms) = postSolution
		{4B80B369-58C2-4058-AF0E-D52B35DA2983}.Debug|Any CPU.ActiveCfg = Debug|Any CPU
		{4B80B369-58C2-4058-AF0E-D52B35DA2983}.Debug|Any CPU.Build.0 = Debug|Any CPU
		{4B80B369-58C2-4058-AF0E-D52B35DA2983}.Release|Any CPU.ActiveCfg = Release|Any CPU
		{4B80B369-58C2-4058-AF0E-D52B35DA2983}.Release|Any CPU.Build.0 = Release|Any CPU
		{EE19C2D5-2B7F-4D08-953A-9253395C0237}.Debug|Any CPU.ActiveCfg = Debug|Any CPU
		{EE19C2D5-2B7F-4D08-953A-9253395C0237}.Debug|Any CPU.Build.0 = Debug|Any CPU
		{EE19C2D5-2B7F-4D08-953A-9253395C0237}.Release|Any CPU.ActiveCfg = Release|Any CPU
		{EE19C2D5-2B7F-4D08-953A-9253395C0237}.Release|Any CPU.Build.0 = Release|Any CPU
		{45F3B0A2-47A9-42D2-B7E0-60BF00477451}.Debug|Any CPU.ActiveCfg = Debug|Any CPU
		{45F3B0A2-47A9-42D2-B7E0-60BF00477451}.Debug|Any CPU.Build.0 = Debug|Any CPU
		{45F3B0A2-47A9-42D2-B7E0-60BF00477451}.Release|Any CPU.ActiveCfg = Release|Any CPU
		{45F3B0A2-47A9-42D2-B7E0-60BF00477451}.Release|Any CPU.Build.0 = Release|Any CPU
		{A4D6741D-EE8C-4002-B43D-2ACE899507C6}.Debug|Any CPU.ActiveCfg = Debug|Any CPU
		{A4D6741D-EE8C-4002-B43D-2ACE899507C6}.Debug|Any CPU.Build.0 = Debug|Any CPU
		{A4D6741D-EE8C-4002-B43D-2ACE899507C6}.Release|Any CPU.ActiveCfg = Release|Any CPU
		{A4D6741D-EE8C-4002-B43D-2ACE899507C6}.Release|Any CPU.Build.0 = Release|Any CPU
		{63DC91C1-ABA8-4D63-B88E-0500B390380C}.Debug|Any CPU.ActiveCfg = Debug|Any CPU
		{63DC91C1-ABA8-4D63-B88E-0500B390380C}.Debug|Any CPU.Build.0 = Debug|Any CPU
		{63DC91C1-ABA8-4D63-B88E-0500B390380C}.Release|Any CPU.ActiveCfg = Release|Any CPU
		{63DC91C1-ABA8-4D63-B88E-0500B390380C}.Release|Any CPU.Build.0 = Release|Any CPU
		{005D9D7D-F8F0-4938-9109-EA450C12DC97}.Debug|Any CPU.ActiveCfg = Debug|Any CPU
		{005D9D7D-F8F0-4938-9109-EA450C12DC97}.Debug|Any CPU.Build.0 = Debug|Any CPU
		{005D9D7D-F8F0-4938-9109-EA450C12DC97}.Release|Any CPU.ActiveCfg = Release|Any CPU
		{005D9D7D-F8F0-4938-9109-EA450C12DC97}.Release|Any CPU.Build.0 = Release|Any CPU
		{EEA2CA7C-98C3-4A04-A8EA-AC78F43733C3}.Debug|Any CPU.ActiveCfg = Debug|Any CPU
		{EEA2CA7C-98C3-4A04-A8EA-AC78F43733C3}.Debug|Any CPU.Build.0 = Debug|Any CPU
		{EEA2CA7C-98C3-4A04-A8EA-AC78F43733C3}.Release|Any CPU.ActiveCfg = Release|Any CPU
		{EEA2CA7C-98C3-4A04-A8EA-AC78F43733C3}.Release|Any CPU.Build.0 = Release|Any CPU
		{7549DAA6-E217-4AAC-B193-7269092CD15D}.Debug|Any CPU.ActiveCfg = Debug|Any CPU
		{7549DAA6-E217-4AAC-B193-7269092CD15D}.Debug|Any CPU.Build.0 = Debug|Any CPU
		{7549DAA6-E217-4AAC-B193-7269092CD15D}.Release|Any CPU.ActiveCfg = Release|Any CPU
		{7549DAA6-E217-4AAC-B193-7269092CD15D}.Release|Any CPU.Build.0 = Release|Any CPU
	EndGlobalSection
	GlobalSection(SolutionProperties) = preSolution
		HideSolutionNode = FALSE
	EndGlobalSection
	GlobalSection(NestedProjects) = preSolution
		{4B80B369-58C2-4058-AF0E-D52B35DA2983} = {02F67921-82D5-411E-ACCE-BB04ED197D6D}
		{EE19C2D5-2B7F-4D08-953A-9253395C0237} = {02F67921-82D5-411E-ACCE-BB04ED197D6D}
		{45F3B0A2-47A9-42D2-B7E0-60BF00477451} = {02F67921-82D5-411E-ACCE-BB04ED197D6D}
		{A4D6741D-EE8C-4002-B43D-2ACE899507C6} = {B5FFC5D8-DD34-4575-B244-A9ABBE1DC347}
		{E5D58480-DC36-4898-842B-CDDFAC49AEC9} = {B5FFC5D8-DD34-4575-B244-A9ABBE1DC347}
		{E0B17FB1-FC7A-4AD7-BAFE-34EC71B21563} = {B5FFC5D8-DD34-4575-B244-A9ABBE1DC347}
		{63DC91C1-ABA8-4D63-B88E-0500B390380C} = {E5D58480-DC36-4898-842B-CDDFAC49AEC9}
		{C519F36C-9C9B-4DE4-8095-4EF908E7EEB2} = {E0B17FB1-FC7A-4AD7-BAFE-34EC71B21563}
		{D505D116-DE93-47A6-9736-CEEE7D559BF2} = {E0B17FB1-FC7A-4AD7-BAFE-34EC71B21563}
		{005D9D7D-F8F0-4938-9109-EA450C12DC97} = {C519F36C-9C9B-4DE4-8095-4EF908E7EEB2}
		{EEA2CA7C-98C3-4A04-A8EA-AC78F43733C3} = {D505D116-DE93-47A6-9736-CEEE7D559BF2}
		{7549DAA6-E217-4AAC-B193-7269092CD15D} = {5CF61D89-986A-4937-B88F-BE336E2C16A8}
	EndGlobalSection
EndGlobal
